
Microsoft Visual Studio Solution File, Format Version 12.00
# Visual Studio Version 17
VisualStudioVersion = 17.10.35027.167
MinimumVisualStudioVersion = 10.0.40219.1
Project("{FAE04EC0-301F-11D3-BF4B-00C04F79EFBC}") = "Core", "Core\Core.csproj", "{4F64760E-6A40-4276-8009-B563DAEBDAED}"
EndProject
Project("{FAE04EC0-301F-11D3-BF4B-00C04F79EFBC}") = "FirstProject", "..\FirstProject\FirstProject.csproj", "{62E53635-D1C0-409E-A14F-2A0606C4E812}"
EndProject
Global
	GlobalSection(SolutionConfigurationPlatforms) = preSolution
		Debug|Any CPU = Debug|Any CPU
		Release|Any CPU = Release|Any CPU
	EndGlobalSection
	GlobalSection(ProjectConfigurationPlatforms) = postSolution
		{4F64760E-6A40-4276-8009-B563DAEBDAED}.Debug|Any CPU.ActiveCfg = Debug|Any CPU
		{4F64760E-6A40-4276-8009-B563DAEBDAED}.Debug|Any CPU.Build.0 = Debug|Any CPU
		{4F64760E-6A40-4276-8009-B563DAEBDAED}.Release|Any CPU.ActiveCfg = Release|Any CPU
		{4F64760E-6A40-4276-8009-B563DAEBDAED}.Release|Any CPU.Build.0 = Release|Any CPU
		{62E53635-D1C0-409E-A14F-2A0606C4E812}.Debug|Any CPU.ActiveCfg = Debug|Any CPU
		{62E53635-D1C0-409E-A14F-2A0606C4E812}.Debug|Any CPU.Build.0 = Debug|Any CPU
		{62E53635-D1C0-409E-A14F-2A0606C4E812}.Release|Any CPU.ActiveCfg = Release|Any CPU
		{62E53635-D1C0-409E-A14F-2A0606C4E812}.Release|Any CPU.Build.0 = Release|Any CPU
	EndGlobalSection
	GlobalSection(SolutionProperties) = preSolution
		HideSolutionNode = FALSE
	EndGlobalSection
	GlobalSection(ExtensibilityGlobals) = postSolution
		SolutionGuid = {1702DC58-9C3D-4AA4-A8D8-6444538096F0}
	EndGlobalSection
EndGlobal
